
Microsoft Visual Studio Solution File, Format Version 12.00
# Visual Studio Version 16
VisualStudioVersion = 16.0.29306.81
MinimumVisualStudioVersion = 10.0.40219.1
Project("{FAE04EC0-301F-11D3-BF4B-00C04F79EFBC}") = "Iterative Statements", "Iterative Statements.csproj", "{5AA06BC4-9980-4357-AAC7-D8C89ADB265D}"
EndProject
Global
	GlobalSection(SolutionConfigurationPlatforms) = preSolution
		Debug|Any CPU = Debug|Any CPU
		Release|Any CPU = Release|Any CPU
	EndGlobalSection
	GlobalSection(ProjectConfigurationPlatforms) = postSolution
		{5AA06BC4-9980-4357-AAC7-D8C89ADB265D}.Debug|Any CPU.ActiveCfg = Debug|Any CPU
		{5AA06BC4-9980-4357-AAC7-D8C89ADB265D}.Debug|Any CPU.Build.0 = Debug|Any CPU
		{5AA06BC4-9980-4357-AAC7-D8C89ADB265D}.Release|Any CPU.ActiveCfg = Release|Any CPU
		{5AA06BC4-9980-4357-AAC7-D8C89ADB265D}.Release|Any CPU.Build.0 = Release|Any CPU
	EndGlobalSection
	GlobalSection(SolutionProperties) = preSolution
		HideSolutionNode = FALSE
	EndGlobalSection
	GlobalSection(ExtensibilityGlobals) = postSolution
		SolutionGuid = {1AFB3DB6-2FFD-48F4-9388-AA0D1A42B909}
	EndGlobalSection
EndGlobal
